// !$*UTF8*$!
{
	archiveVersion = 1;
	classes = {
	};
	objectVersion = 55;
	objects = {

/* Begin PBXBuildFile section */
		3D9434862792C664006A7A45 /* LifeCounterApp.swift in Sources */ = {isa = PBXBuildFile; fileRef = 3D9434852792C664006A7A45 /* LifeCounterApp.swift */; };
		3D9434882792C664006A7A45 /* ContentView.swift in Sources */ = {isa = PBXBuildFile; fileRef = 3D9434872792C664006A7A45 /* ContentView.swift */; };
		3D94348A2792C664006A7A45 /* Assets.xcassets in Resources */ = {isa = PBXBuildFile; fileRef = 3D9434892792C664006A7A45 /* Assets.xcassets */; };
		3D94348D2792C664006A7A45 /* Preview Assets.xcassets in Resources */ = {isa = PBXBuildFile; fileRef = 3D94348C2792C664006A7A45 /* Preview Assets.xcassets */; };
		3D9434942792E059006A7A45 /* GameState.swift in Sources */ = {isa = PBXBuildFile; fileRef = 3D9434932792E058006A7A45 /* GameState.swift */; };
		3D94349727931B39006A7A45 /* SettingsView.swift in Sources */ = {isa = PBXBuildFile; fileRef = 3D94349627931B39006A7A45 /* SettingsView.swift */; };
		3D94349927932878006A7A45 /* BackgroundColorView.swift in Sources */ = {isa = PBXBuildFile; fileRef = 3D94349827932878006A7A45 /* BackgroundColorView.swift */; };
		3D94349C27932BE8006A7A45 /* GradientsStorage.swift in Sources */ = {isa = PBXBuildFile; fileRef = 3D94349B27932BE8006A7A45 /* GradientsStorage.swift */; };
		3D94349E27933205006A7A45 /* GradientData.swift in Sources */ = {isa = PBXBuildFile; fileRef = 3D94349D27933205006A7A45 /* GradientData.swift */; };
		3D9434A127933233006A7A45 /* DataStore.swift in Sources */ = {isa = PBXBuildFile; fileRef = 3D9434A027933233006A7A45 /* DataStore.swift */; };
		3D9434A427933DB0006A7A45 /* ColorExtension.swift in Sources */ = {isa = PBXBuildFile; fileRef = 3D9434A327933DB0006A7A45 /* ColorExtension.swift */; };
		3DB874B6279350BA00A8FF04 /* SFSafariViewWrapper.swift in Sources */ = {isa = PBXBuildFile; fileRef = 3DB874B5279350BA00A8FF04 /* SFSafariViewWrapper.swift */; };
/* End PBXBuildFile section */

/* Begin PBXFileReference section */
		3D9434822792C664006A7A45 /* LifeCounter.app */ = {isa = PBXFileReference; explicitFileType = wrapper.application; includeInIndex = 0; path = LifeCounter.app; sourceTree = BUILT_PRODUCTS_DIR; };
		3D9434852792C664006A7A45 /* LifeCounterApp.swift */ = {isa = PBXFileReference; lastKnownFileType = sourcecode.swift; path = LifeCounterApp.swift; sourceTree = "<group>"; };
		3D9434872792C664006A7A45 /* ContentView.swift */ = {isa = PBXFileReference; lastKnownFileType = sourcecode.swift; path = ContentView.swift; sourceTree = "<group>"; };
		3D9434892792C664006A7A45 /* Assets.xcassets */ = {isa = PBXFileReference; lastKnownFileType = folder.assetcatalog; path = Assets.xcassets; sourceTree = "<group>"; };
		3D94348C2792C664006A7A45 /* Preview Assets.xcassets */ = {isa = PBXFileReference; lastKnownFileType = folder.assetcatalog; path = "Preview Assets.xcassets"; sourceTree = "<group>"; };
		3D9434932792E058006A7A45 /* GameState.swift */ = {isa = PBXFileReference; lastKnownFileType = sourcecode.swift; path = GameState.swift; sourceTree = "<group>"; };
		3D94349627931B39006A7A45 /* SettingsView.swift */ = {isa = PBXFileReference; lastKnownFileType = sourcecode.swift; path = SettingsView.swift; sourceTree = "<group>"; };
		3D94349827932878006A7A45 /* BackgroundColorView.swift */ = {isa = PBXFileReference; lastKnownFileType = sourcecode.swift; path = BackgroundColorView.swift; sourceTree = "<group>"; };
		3D94349B27932BE8006A7A45 /* GradientsStorage.swift */ = {isa = PBXFileReference; lastKnownFileType = sourcecode.swift; path = GradientsStorage.swift; sourceTree = "<group>"; };
		3D94349D27933205006A7A45 /* GradientData.swift */ = {isa = PBXFileReference; lastKnownFileType = sourcecode.swift; path = GradientData.swift; sourceTree = "<group>"; };
		3D9434A027933233006A7A45 /* DataStore.swift */ = {isa = PBXFileReference; lastKnownFileType = sourcecode.swift; path = DataStore.swift; sourceTree = "<group>"; };
		3D9434A227933CC8006A7A45 /* Info.plist */ = {isa = PBXFileReference; lastKnownFileType = text.plist; path = Info.plist; sourceTree = "<group>"; };
		3D9434A327933DB0006A7A45 /* ColorExtension.swift */ = {isa = PBXFileReference; lastKnownFileType = sourcecode.swift; path = ColorExtension.swift; sourceTree = "<group>"; };
		3DB874B5279350BA00A8FF04 /* SFSafariViewWrapper.swift */ = {isa = PBXFileReference; lastKnownFileType = sourcecode.swift; path = SFSafariViewWrapper.swift; sourceTree = "<group>"; };
/* End PBXFileReference section */

/* Begin PBXFrameworksBuildPhase section */
		3D94347F2792C664006A7A45 /* Frameworks */ = {
			isa = PBXFrameworksBuildPhase;
			buildActionMask = 2147483647;
			files = (
			);
			runOnlyForDeploymentPostprocessing = 0;
		};
/* End PBXFrameworksBuildPhase section */

/* Begin PBXGroup section */
		3D9434792792C664006A7A45 = {
			isa = PBXGroup;
			children = (
				3D9434842792C664006A7A45 /* LifeCounter */,
				3D9434832792C664006A7A45 /* Products */,
			);
			sourceTree = "<group>";
		};
		3D9434832792C664006A7A45 /* Products */ = {
			isa = PBXGroup;
			children = (
				3D9434822792C664006A7A45 /* LifeCounter.app */,
			);
			name = Products;
			sourceTree = "<group>";
		};
		3D9434842792C664006A7A45 /* LifeCounter */ = {
			isa = PBXGroup;
			children = (
				3D9434A227933CC8006A7A45 /* Info.plist */,
				3D94349F27933228006A7A45 /* Helpers */,
				3D94349A27932BDD006A7A45 /* Model */,
				3D94349527931B2A006A7A45 /* Views */,
				3D9434852792C664006A7A45 /* LifeCounterApp.swift */,
				3D9434932792E058006A7A45 /* GameState.swift */,
				3D9434892792C664006A7A45 /* Assets.xcassets */,
				3D94348B2792C664006A7A45 /* Preview Content */,
			);
			path = LifeCounter;
			sourceTree = "<group>";
		};
		3D94348B2792C664006A7A45 /* Preview Content */ = {
			isa = PBXGroup;
			children = (
				3D94348C2792C664006A7A45 /* Preview Assets.xcassets */,
			);
			path = "Preview Content";
			sourceTree = "<group>";
		};
		3D94349527931B2A006A7A45 /* Views */ = {
			isa = PBXGroup;
			children = (
				3D9434872792C664006A7A45 /* ContentView.swift */,
				3D94349627931B39006A7A45 /* SettingsView.swift */,
				3D94349827932878006A7A45 /* BackgroundColorView.swift */,
			);
			path = Views;
			sourceTree = "<group>";
		};
		3D94349A27932BDD006A7A45 /* Model */ = {
			isa = PBXGroup;
			children = (
				3D94349B27932BE8006A7A45 /* GradientsStorage.swift */,
				3D94349D27933205006A7A45 /* GradientData.swift */,
				3D9434A327933DB0006A7A45 /* ColorExtension.swift */,
			);
			path = Model;
			sourceTree = "<group>";
		};
		3D94349F27933228006A7A45 /* Helpers */ = {
			isa = PBXGroup;
			children = (
				3D9434A027933233006A7A45 /* DataStore.swift */,
				3DB874B5279350BA00A8FF04 /* SFSafariViewWrapper.swift */,
			);
			path = Helpers;
			sourceTree = "<group>";
		};
/* End PBXGroup section */

/* Begin PBXNativeTarget section */
		3D9434812792C664006A7A45 /* LifeCounter */ = {
			isa = PBXNativeTarget;
			buildConfigurationList = 3D9434902792C664006A7A45 /* Build configuration list for PBXNativeTarget "LifeCounter" */;
			buildPhases = (
				3D94347E2792C664006A7A45 /* Sources */,
				3D94347F2792C664006A7A45 /* Frameworks */,
				3D9434802792C664006A7A45 /* Resources */,
			);
			buildRules = (
			);
			dependencies = (
			);
			name = LifeCounter;
			productName = LifeCounter;
			productReference = 3D9434822792C664006A7A45 /* LifeCounter.app */;
			productType = "com.apple.product-type.application";
		};
/* End PBXNativeTarget section */

/* Begin PBXProject section */
		3D94347A2792C664006A7A45 /* Project object */ = {
			isa = PBXProject;
			attributes = {
				BuildIndependentTargetsInParallel = 1;
				LastSwiftUpdateCheck = 1320;
				LastUpgradeCheck = 1320;
				TargetAttributes = {
					3D9434812792C664006A7A45 = {
						CreatedOnToolsVersion = 13.2;
					};
				};
			};
			buildConfigurationList = 3D94347D2792C664006A7A45 /* Build configuration list for PBXProject "LifeCounter" */;
			compatibilityVersion = "Xcode 13.0";
			developmentRegion = en;
			hasScannedForEncodings = 0;
			knownRegions = (
				en,
				Base,
			);
			mainGroup = 3D9434792792C664006A7A45;
			productRefGroup = 3D9434832792C664006A7A45 /* Products */;
			projectDirPath = "";
			projectRoot = "";
			targets = (
				3D9434812792C664006A7A45 /* LifeCounter */,
			);
		};
/* End PBXProject section */

/* Begin PBXResourcesBuildPhase section */
		3D9434802792C664006A7A45 /* Resources */ = {
			isa = PBXResourcesBuildPhase;
			buildActionMask = 2147483647;
			files = (
				3D94348D2792C664006A7A45 /* Preview Assets.xcassets in Resources */,
				3D94348A2792C664006A7A45 /* Assets.xcassets in Resources */,
			);
			runOnlyForDeploymentPostprocessing = 0;
		};
/* End PBXResourcesBuildPhase section */

/* Begin PBXSourcesBuildPhase section */
		3D94347E2792C664006A7A45 /* Sources */ = {
			isa = PBXSourcesBuildPhase;
			buildActionMask = 2147483647;
			files = (
				3D9434942792E059006A7A45 /* GameState.swift in Sources */,
				3D9434A427933DB0006A7A45 /* ColorExtension.swift in Sources */,
				3D94349727931B39006A7A45 /* SettingsView.swift in Sources */,
				3D9434882792C664006A7A45 /* ContentView.swift in Sources */,
				3D9434862792C664006A7A45 /* LifeCounterApp.swift in Sources */,
				3D9434A127933233006A7A45 /* DataStore.swift in Sources */,
				3D94349E27933205006A7A45 /* GradientData.swift in Sources */,
				3DB874B6279350BA00A8FF04 /* SFSafariViewWrapper.swift in Sources */,
				3D94349927932878006A7A45 /* BackgroundColorView.swift in Sources */,
				3D94349C27932BE8006A7A45 /* GradientsStorage.swift in Sources */,
			);
			runOnlyForDeploymentPostprocessing = 0;
		};
/* End PBXSourcesBuildPhase section */

/* Begin XCBuildConfiguration section */
		3D94348E2792C664006A7A45 /* Debug */ = {
			isa = XCBuildConfiguration;
			buildSettings = {
				ALWAYS_SEARCH_USER_PATHS = NO;
				CLANG_ANALYZER_NONNULL = YES;
				CLANG_ANALYZER_NUMBER_OBJECT_CONVERSION = YES_AGGRESSIVE;
				CLANG_CXX_LANGUAGE_STANDARD = "gnu++17";
				CLANG_CXX_LIBRARY = "libc++";
				CLANG_ENABLE_MODULES = YES;
				CLANG_ENABLE_OBJC_ARC = YES;
				CLANG_ENABLE_OBJC_WEAK = YES;
				CLANG_WARN_BLOCK_CAPTURE_AUTORELEASING = YES;
				CLANG_WARN_BOOL_CONVERSION = YES;
				CLANG_WARN_COMMA = YES;
				CLANG_WARN_CONSTANT_CONVERSION = YES;
				CLANG_WARN_DEPRECATED_OBJC_IMPLEMENTATIONS = YES;
				CLANG_WARN_DIRECT_OBJC_ISA_USAGE = YES_ERROR;
				CLANG_WARN_DOCUMENTATION_COMMENTS = YES;
				CLANG_WARN_EMPTY_BODY = YES;
				CLANG_WARN_ENUM_CONVERSION = YES;
				CLANG_WARN_INFINITE_RECURSION = YES;
				CLANG_WARN_INT_CONVERSION = YES;
				CLANG_WARN_NON_LITERAL_NULL_CONVERSION = YES;
				CLANG_WARN_OBJC_IMPLICIT_RETAIN_SELF = YES;
				CLANG_WARN_OBJC_LITERAL_CONVERSION = YES;
				CLANG_WARN_OBJC_ROOT_CLASS = YES_ERROR;
				CLANG_WARN_QUOTED_INCLUDE_IN_FRAMEWORK_HEADER = YES;
				CLANG_WARN_RANGE_LOOP_ANALYSIS = YES;
				CLANG_WARN_STRICT_PROTOTYPES = YES;
				CLANG_WARN_SUSPICIOUS_MOVE = YES;
				CLANG_WARN_UNGUARDED_AVAILABILITY = YES_AGGRESSIVE;
				CLANG_WARN_UNREACHABLE_CODE = YES;
				CLANG_WARN__DUPLICATE_METHOD_MATCH = YES;
				COPY_PHASE_STRIP = NO;
				DEBUG_INFORMATION_FORMAT = dwarf;
				ENABLE_STRICT_OBJC_MSGSEND = YES;
				ENABLE_TESTABILITY = YES;
				GCC_C_LANGUAGE_STANDARD = gnu11;
				GCC_DYNAMIC_NO_PIC = NO;
				GCC_NO_COMMON_BLOCKS = YES;
				GCC_OPTIMIZATION_LEVEL = 0;
				GCC_PREPROCESSOR_DEFINITIONS = (
					"DEBUG=1",
					"$(inherited)",
				);
				GCC_WARN_64_TO_32_BIT_CONVERSION = YES;
				GCC_WARN_ABOUT_RETURN_TYPE = YES_ERROR;
				GCC_WARN_UNDECLARED_SELECTOR = YES;
				GCC_WARN_UNINITIALIZED_AUTOS = YES_AGGRESSIVE;
				GCC_WARN_UNUSED_FUNCTION = YES;
				GCC_WARN_UNUSED_VARIABLE = YES;
				IPHONEOS_DEPLOYMENT_TARGET = 14.4;
				MTL_ENABLE_DEBUG_INFO = INCLUDE_SOURCE;
				MTL_FAST_MATH = YES;
				ONLY_ACTIVE_ARCH = YES;
				SDKROOT = iphoneos;
				SWIFT_ACTIVE_COMPILATION_CONDITIONS = DEBUG;
				SWIFT_OPTIMIZATION_LEVEL = "-Onone";
			};
			name = Debug;
		};
		3D94348F2792C664006A7A45 /* Release */ = {
			isa = XCBuildConfiguration;
			buildSettings = {
				ALWAYS_SEARCH_USER_PATHS = NO;
				CLANG_ANALYZER_NONNULL = YES;
				CLANG_ANALYZER_NUMBER_OBJECT_CONVERSION = YES_AGGRESSIVE;
				CLANG_CXX_LANGUAGE_STANDARD = "gnu++17";
				CLANG_CXX_LIBRARY = "libc++";
				CLANG_ENABLE_MODULES = YES;
				CLANG_ENABLE_OBJC_ARC = YES;
				CLANG_ENABLE_OBJC_WEAK = YES;
				CLANG_WARN_BLOCK_CAPTURE_AUTORELEASING = YES;
				CLANG_WARN_BOOL_CONVERSION = YES;
				CLANG_WARN_COMMA = YES;
				CLANG_WARN_CONSTANT_CONVERSION = YES;
				CLANG_WARN_DEPRECATED_OBJC_IMPLEMENTATIONS = YES;
				CLANG_WARN_DIRECT_OBJC_ISA_USAGE = YES_ERROR;
				CLANG_WARN_DOCUMENTATION_COMMENTS = YES;
				CLANG_WARN_EMPTY_BODY = YES;
				CLANG_WARN_ENUM_CONVERSION = YES;
				CLANG_WARN_INFINITE_RECURSION = YES;
				CLANG_WARN_INT_CONVERSION = YES;
				CLANG_WARN_NON_LITERAL_NULL_CONVERSION = YES;
				CLANG_WARN_OBJC_IMPLICIT_RETAIN_SELF = YES;
				CLANG_WARN_OBJC_LITERAL_CONVERSION = YES;
				CLANG_WARN_OBJC_ROOT_CLASS = YES_ERROR;
				CLANG_WARN_QUOTED_INCLUDE_IN_FRAMEWORK_HEADER = YES;
				CLANG_WARN_RANGE_LOOP_ANALYSIS = YES;
				CLANG_WARN_STRICT_PROTOTYPES = YES;
				CLANG_WARN_SUSPICIOUS_MOVE = YES;
				CLANG_WARN_UNGUARDED_AVAILABILITY = YES_AGGRESSIVE;
				CLANG_WARN_UNREACHABLE_CODE = YES;
				CLANG_WARN__DUPLICATE_METHOD_MATCH = YES;
				COPY_PHASE_STRIP = NO;
				DEBUG_INFORMATION_FORMAT = "dwarf-with-dsym";
				ENABLE_NS_ASSERTIONS = NO;
				ENABLE_STRICT_OBJC_MSGSEND = YES;
				GCC_C_LANGUAGE_STANDARD = gnu11;
				GCC_NO_COMMON_BLOCKS = YES;
				GCC_WARN_64_TO_32_BIT_CONVERSION = YES;
				GCC_WARN_ABOUT_RETURN_TYPE = YES_ERROR;
				GCC_WARN_UNDECLARED_SELECTOR = YES;
				GCC_WARN_UNINITIALIZED_AUTOS = YES_AGGRESSIVE;
				GCC_WARN_UNUSED_FUNCTION = YES;
				GCC_WARN_UNUSED_VARIABLE = YES;
				IPHONEOS_DEPLOYMENT_TARGET = 14.4;
				MTL_ENABLE_DEBUG_INFO = NO;
				MTL_FAST_MATH = YES;
				SDKROOT = iphoneos;
				SWIFT_COMPILATION_MODE = wholemodule;
				SWIFT_OPTIMIZATION_LEVEL = "-O";
				VALIDATE_PRODUCT = YES;
			};
			name = Release;
		};
		3D9434912792C664006A7A45 /* Debug */ = {
			isa = XCBuildConfiguration;
			buildSettings = {
				ASSETCATALOG_COMPILER_APPICON_NAME = AppIcon;
				ASSETCATALOG_COMPILER_GLOBAL_ACCENT_COLOR_NAME = AccentColor;
				CODE_SIGN_STYLE = Automatic;
				CURRENT_PROJECT_VERSION = 1;
				DEVELOPMENT_ASSET_PATHS = "\"LifeCounter/Preview Content\"";
				DEVELOPMENT_TEAM = H45X843SXH;
				ENABLE_PREVIEWS = YES;
				GENERATE_INFOPLIST_FILE = YES;
				INFOPLIST_FILE = LifeCounter/Info.plist;
				INFOPLIST_KEY_UIApplicationSupportsIndirectInputEvents = YES;
				INFOPLIST_KEY_UILaunchScreen_Generation = YES;
				INFOPLIST_KEY_UISupportedInterfaceOrientations_iPad = "UIInterfaceOrientationPortrait UIInterfaceOrientationPortraitUpsideDown UIInterfaceOrientationLandscapeLeft UIInterfaceOrientationLandscapeRight";
				INFOPLIST_KEY_UISupportedInterfaceOrientations_iPhone = "UIInterfaceOrientationPortrait UIInterfaceOrientationLandscapeLeft UIInterfaceOrientationLandscapeRight";
				IPHONEOS_DEPLOYMENT_TARGET = 14.4;
				LD_RUNPATH_SEARCH_PATHS = (
					"$(inherited)",
					"@executable_path/Frameworks",
				);
				MARKETING_VERSION = 1.0;
				PRODUCT_BUNDLE_IDENTIFIER = com.ignatovv.LifeCounter;
				PRODUCT_NAME = "$(TARGET_NAME)";
				SWIFT_EMIT_LOC_STRINGS = YES;
				SWIFT_VERSION = 5.0;
				TARGETED_DEVICE_FAMILY = "1,2";
			};
			name = Debug;
		};
		3D9434922792C664006A7A45 /* Release */ = {
			isa = XCBuildConfiguration;
			buildSettings = {
				ASSETCATALOG_COMPILER_APPICON_NAME = AppIcon;
				ASSETCATALOG_COMPILER_GLOBAL_ACCENT_COLOR_NAME = AccentColor;
				CODE_SIGN_STYLE = Automatic;
				CURRENT_PROJECT_VERSION = 1;
				DEVELOPMENT_ASSET_PATHS = "\"LifeCounter/Preview Content\"";
				DEVELOPMENT_TEAM = H45X843SXH;
				ENABLE_PREVIEWS = YES;
				GENERATE_INFOPLIST_FILE = YES;
				INFOPLIST_FILE = LifeCounter/Info.plist;
				INFOPLIST_KEY_UIApplicationSupportsIndirectInputEvents = YES;
				INFOPLIST_KEY_UILaunchScreen_Generation = YES;
				INFOPLIST_KEY_UISupportedInterfaceOrientations_iPad = "UIInterfaceOrientationPortrait UIInterfaceOrientationPortraitUpsideDown UIInterfaceOrientationLandscapeLeft UIInterfaceOrientationLandscapeRight";
				INFOPLIST_KEY_UISupportedInterfaceOrientations_iPhone = "UIInterfaceOrientationPortrait UIInterfaceOrientationLandscapeLeft UIInterfaceOrientationLandscapeRight";
				IPHONEOS_DEPLOYMENT_TARGET = 14.4;
				LD_RUNPATH_SEARCH_PATHS = (
					"$(inherited)",
					"@executable_path/Frameworks",
				);
				MARKETING_VERSION = 1.0;
				PRODUCT_BUNDLE_IDENTIFIER = com.ignatovv.LifeCounter;
				PRODUCT_NAME = "$(TARGET_NAME)";
				SWIFT_EMIT_LOC_STRINGS = YES;
				SWIFT_VERSION = 5.0;
				TARGETED_DEVICE_FAMILY = "1,2";
			};
			name = Release;
		};
/* End XCBuildConfiguration section */

/* Begin XCConfigurationList section */
		3D94347D2792C664006A7A45 /* Build configuration list for PBXProject "LifeCounter" */ = {
			isa = XCConfigurationList;
			buildConfigurations = (
				3D94348E2792C664006A7A45 /* Debug */,
				3D94348F2792C664006A7A45 /* Release */,
			);
			defaultConfigurationIsVisible = 0;
			defaultConfigurationName = Release;
		};
		3D9434902792C664006A7A45 /* Build configuration list for PBXNativeTarget "LifeCounter" */ = {
			isa = XCConfigurationList;
			buildConfigurations = (
				3D9434912792C664006A7A45 /* Debug */,
				3D9434922792C664006A7A45 /* Release */,
			);
			defaultConfigurationIsVisible = 0;
			defaultConfigurationName = Release;
		};
/* End XCConfigurationList section */
	};
	rootObject = 3D94347A2792C664006A7A45 /* Project object */;
}
